github.com/basgys/goxml2json v1.1.0 h1:4ln5i4rseYfXNd86lGEB+Vi652IsIXIvggKM/BhUKVw=
github.com/basgys/goxml2json v1.1.0/go.mod h1:wH7a5Np/Q4QoECFIU8zTQlZwZkrilY0itPfecMw41Dw=
github.com/jbussdieker/golibxml v0.0.0-20140917070152-a643db2327cb h1:RaFqoTdAJ6bwcksinA8lYdW7dq5JvYglEVpGa0q/MfE=
github.com/jbussdieker/golibxml v0.0.0-20140917070152-a643db2327cb/go.mod h1:i2oUhX2OxuK3iMtUaGux93pSm+5ntPgTt5RWmC9JAIU=
github.com/krolaw/xsd v0.0.0-20181003005531-6e00d9d069d0 h1:TH05vbYIOcJLcbpJraPdL3CGBe536b5Cd8/V5jCxlQA=
github.com/krolaw/xsd v0.0.0-20181003005531-6e00d9d069d0/go.mod h1:lsisaKHqT9AeR4TEF7sKMUftSixpucFr1ndlUgPNCtk=
github.com/streadway/amqp v0.0.0-20181205114330-a314942b2fd9 h1:37QTz/gdHBLQcsmgMTnQDSWCtKzJ7YnfI2M2yTdr4BQ=
github.com/streadway/amqp v0.0.0-20181205114330-a314942b2fd9/go.mod h1:1WNBiOZtZQLpVAyu0iTduoJL9hEsMloAK5XWrtW0xdY=
golang.org/x/net v0.0.0-20181213202711-891ebc4b82d6 h1:gT0Y6H7hbVPUtvtk0YGxMXPgN+p8fYlqWkgJeUCZcaQ=
golang.org/x/net v0.0.0-20181213202711-891ebc4b82d6/go.mod h1:mL1N/T3taQHkDXs73rZJwtUhF3w3ftmwwsq0BUmARs4=
golang.org/x/text v0.3.0 h1:g61tztE5qeGQ89tm6NTjjM9VPIm088od1l6aSorWRWg=
golang.org/x/text v0.3.0/go.mod h1:NqM8EUOU14njkJ3fqMW+pc6Ldnwhi/IjpwHt7yyuwOQ=
